
Microsoft Visual Studio Solution File, Format Version 12.00
# Visual Studio Version 17
VisualStudioVersion = 17.5.33627.172
MinimumVisualStudioVersion = 10.0.40219.1
Project("{FAE04EC0-301F-11D3-BF4B-00C04F79EFBC}") = "Ecommerce.Api", "Ecommerce.Api\Ecommerce.Api.csproj", "{6BA220B4-753C-4195-9F1F-E28011F6AECB}"
EndProject
Project("{FAE04EC0-301F-11D3-BF4B-00C04F79EFBC}") = "Ecommerce.Domain", "Ecommerce.Domain\Ecommerce.Domain.csproj", "{72F04D2C-2628-47D3-83F6-81113471F122}"
EndProject
Project("{FAE04EC0-301F-11D3-BF4B-00C04F79EFBC}") = "ECommerce.Application", "ECommerce.Application\ECommerce.Application.csproj", "{66CE3B1A-983E-46D1-9175-B3E7A681F789}"
EndProject
Project("{FAE04EC0-301F-11D3-BF4B-00C04F79EFBC}") = "ECommerce.Data", "ECommerce.Data\ECommerce.Data.csproj", "{CDB97D84-912B-404B-A114-D0FA709AA4FA}"
EndProject
Global
	GlobalSection(SolutionConfigurationPlatforms) = preSolution
		Debug|Any CPU = Debug|Any CPU
		Release|Any CPU = Release|Any CPU
	EndGlobalSection
	GlobalSection(ProjectConfigurationPlatforms) = postSolution
		{6BA220B4-753C-4195-9F1F-E28011F6AECB}.Debug|Any CPU.ActiveCfg = Debug|Any CPU
		{6BA220B4-753C-4195-9F1F-E28011F6AECB}.Debug|Any CPU.Build.0 = Debug|Any CPU
		{6BA220B4-753C-4195-9F1F-E28011F6AECB}.Release|Any CPU.ActiveCfg = Release|Any CPU
		{6BA220B4-753C-4195-9F1F-E28011F6AECB}.Release|Any CPU.Build.0 = Release|Any CPU
		{72F04D2C-2628-47D3-83F6-81113471F122}.Debug|Any CPU.ActiveCfg = Debug|Any CPU
		{72F04D2C-2628-47D3-83F6-81113471F122}.Debug|Any CPU.Build.0 = Debug|Any CPU
		{72F04D2C-2628-47D3-83F6-81113471F122}.Release|Any CPU.ActiveCfg = Release|Any CPU
		{72F04D2C-2628-47D3-83F6-81113471F122}.Release|Any CPU.Build.0 = Release|Any CPU
		{66CE3B1A-983E-46D1-9175-B3E7A681F789}.Debug|Any CPU.ActiveCfg = Debug|Any CPU
		{66CE3B1A-983E-46D1-9175-B3E7A681F789}.Debug|Any CPU.Build.0 = Debug|Any CPU
		{66CE3B1A-983E-46D1-9175-B3E7A681F789}.Release|Any CPU.ActiveCfg = Release|Any CPU
		{66CE3B1A-983E-46D1-9175-B3E7A681F789}.Release|Any CPU.Build.0 = Release|Any CPU
		{CDB97D84-912B-404B-A114-D0FA709AA4FA}.Debug|Any CPU.ActiveCfg = Debug|Any CPU
		{CDB97D84-912B-404B-A114-D0FA709AA4FA}.Debug|Any CPU.Build.0 = Debug|Any CPU
		{CDB97D84-912B-404B-A114-D0FA709AA4FA}.Release|Any CPU.ActiveCfg = Release|Any CPU
		{CDB97D84-912B-404B-A114-D0FA709AA4FA}.Release|Any CPU.Build.0 = Release|Any CPU
	EndGlobalSection
	GlobalSection(SolutionProperties) = preSolution
		HideSolutionNode = FALSE
	EndGlobalSection
	GlobalSection(ExtensibilityGlobals) = postSolution
		SolutionGuid = {EB0A41F1-F045-4D2E-92D3-5014254B3956}
	EndGlobalSection
EndGlobal
